{
  "name": "desafio-fundamentos-01",
  "version": "1.0.0",
  "lockfileVersion": 3,
  "requires": true,
  "packages": {
    "": {
      "name": "desafio-fundamentos-01",
      "version": "1.0.0",
      "license": "ISC",
      "dependencies": {
        "csv-generate": "^4.3.1",
        "csv-parse": "^5.5.3"
      },
      "devDependencies": {
        "@types/node": "^20.11.16"
      }
    },
    "node_modules/@types/node": {
      "version": "20.11.16",
      "resolved": "https://registry.npmjs.org/@types/node/-/node-20.11.16.tgz",
      "integrity": "sha512-gKb0enTmRCzXSSUJDq6/sPcqrfCv2mkkG6Jt/clpn5eiCbKTY+SgZUxo+p8ZKMof5dCp9vHQUAB7wOUTod22wQ==",
      "dev": true,
      "dependencies": {
        "undici-types": "~5.26.4"
      }
    },
    "node_modules/csv-generate": {
      "version": "4.3.1",
      "resolved": "https://registry.npmjs.org/csv-generate/-/csv-generate-4.3.1.tgz",
      "integrity": "sha512-7YeeJq+44/I/O5N2sr2qBMcHZXhpfe38eh7DOFxyMtYO+Pir7kIfgFkW5MPksqKqqR6+/wX7UGoZm1Ot11151w=="
    },
    "node_modules/csv-parse": {
      "version": "5.5.3",
      "resolved": "https://registry.npmjs.org/csv-parse/-/csv-parse-5.5.3.tgz",
      "integrity": "sha512-v0KW6C0qlZzoGjk6u5tLmVfyZxNgPGXZsWTXshpAgKVGmGXzaVWGdlCFxNx5iuzcXT/oJN1HHM9DZKwtAtYa+A=="
    },
    "node_modules/undici-types": {
      "version": "5.26.5",
      "resolved": "https://registry.npmjs.org/undici-types/-/undici-types-5.26.5.tgz",
      "integrity": "sha512-JlCMO+ehdEIKqlFxk6IfVoAUVmgz7cU7zD/h9XZ0qzeosSHmUJVOzSQvvYSYWXkFXC+IfLKSIffhv0sVZup6pA==",
      "dev": true
    }
  }
}
